
Microsoft Visual Studio Solution File, Format Version 12.00
# Visual Studio Version 17
VisualStudioVersion = 17.8.34316.72
MinimumVisualStudioVersion = 10.0.40219.1
Project("{FAE04EC0-301F-11D3-BF4B-00C04F79EFBC}") = "CalculatorBlazor", "CalculatorBlazor\CalculatorBlazor\CalculatorBlazor.csproj", "{AFE7448F-7C73-44B0-85DD-36ADA8695C9A}"
EndProject
Project("{FAE04EC0-301F-11D3-BF4B-00C04F79EFBC}") = "CalculatorBlazor.Client", "CalculatorBlazor\CalculatorBlazor.Client\CalculatorBlazor.Client.csproj", "{29E7D313-C07E-4159-931A-E85C3BBE6C3D}"
EndProject
Project("{FAE04EC0-301F-11D3-BF4B-00C04F79EFBC}") = "Shared", "Shared\Shared.csproj", "{06259C19-A7AB-46F4-90F7-ECCC797537DB}"
EndProject
Global
	GlobalSection(SolutionConfigurationPlatforms) = preSolution
		Debug|Any CPU = Debug|Any CPU
		Release|Any CPU = Release|Any CPU
	EndGlobalSection
	GlobalSection(ProjectConfigurationPlatforms) = postSolution
		{AFE7448F-7C73-44B0-85DD-36ADA8695C9A}.Debug|Any CPU.ActiveCfg = Debug|Any CPU
		{AFE7448F-7C73-44B0-85DD-36ADA8695C9A}.Debug|Any CPU.Build.0 = Debug|Any CPU
		{AFE7448F-7C73-44B0-85DD-36ADA8695C9A}.Release|Any CPU.ActiveCfg = Release|Any CPU
		{AFE7448F-7C73-44B0-85DD-36ADA8695C9A}.Release|Any CPU.Build.0 = Release|Any CPU
		{29E7D313-C07E-4159-931A-E85C3BBE6C3D}.Debug|Any CPU.ActiveCfg = Debug|Any CPU
		{29E7D313-C07E-4159-931A-E85C3BBE6C3D}.Debug|Any CPU.Build.0 = Debug|Any CPU
		{29E7D313-C07E-4159-931A-E85C3BBE6C3D}.Release|Any CPU.ActiveCfg = Release|Any CPU
		{29E7D313-C07E-4159-931A-E85C3BBE6C3D}.Release|Any CPU.Build.0 = Release|Any CPU
		{06259C19-A7AB-46F4-90F7-ECCC797537DB}.Debug|Any CPU.ActiveCfg = Debug|Any CPU
		{06259C19-A7AB-46F4-90F7-ECCC797537DB}.Debug|Any CPU.Build.0 = Debug|Any CPU
		{06259C19-A7AB-46F4-90F7-ECCC797537DB}.Release|Any CPU.ActiveCfg = Release|Any CPU
		{06259C19-A7AB-46F4-90F7-ECCC797537DB}.Release|Any CPU.Build.0 = Release|Any CPU
	EndGlobalSection
	GlobalSection(SolutionProperties) = preSolution
		HideSolutionNode = FALSE
	EndGlobalSection
	GlobalSection(ExtensibilityGlobals) = postSolution
		SolutionGuid = {9A0AE44F-A435-4AE4-B8BD-948FEDA49D6A}
	EndGlobalSection
EndGlobal
